// !$*UTF8*$!
{
	archiveVersion = 1;
	classes = {
	};
	objectVersion = 55;
	objects = {

/* Begin PBXBuildFile section */
		832AC1E12715979C00BD92E2 /* SDWebImageSwiftUI in Frameworks */ = {isa = PBXBuildFile; productRef = 832AC1E02715979C00BD92E2 /* SDWebImageSwiftUI */; };
		832AC1E42715986A00BD92E2 /* SwiftUIX in Frameworks */ = {isa = PBXBuildFile; productRef = 832AC1E32715986A00BD92E2 /* SwiftUIX */; };
		837370B427144701003656FC /* MokuApp.swift in Sources */ = {isa = PBXBuildFile; fileRef = 837370B327144701003656FC /* MokuApp.swift */; };
		837370B627144701003656FC /* ContentView.swift in Sources */ = {isa = PBXBuildFile; fileRef = 837370B527144701003656FC /* ContentView.swift */; };
		837370B827144703003656FC /* Assets.xcassets in Resources */ = {isa = PBXBuildFile; fileRef = 837370B727144703003656FC /* Assets.xcassets */; };
		837370BB27144703003656FC /* Preview Assets.xcassets in Resources */ = {isa = PBXBuildFile; fileRef = 837370BA27144703003656FC /* Preview Assets.xcassets */; };
		837370C2271449E4003656FC /* GoogleService-Info.plist in Resources */ = {isa = PBXBuildFile; fileRef = 837370C1271449E4003656FC /* GoogleService-Info.plist */; };
		837370C527144BB1003656FC /* FirebaseAuth in Frameworks */ = {isa = PBXBuildFile; productRef = 837370C427144BB1003656FC /* FirebaseAuth */; };
		837370C727144BB1003656FC /* FirebaseFirestore in Frameworks */ = {isa = PBXBuildFile; productRef = 837370C627144BB1003656FC /* FirebaseFirestore */; };
		837370C927144BB1003656FC /* FirebaseMessaging in Frameworks */ = {isa = PBXBuildFile; productRef = 837370C827144BB1003656FC /* FirebaseMessaging */; };
		837370CB27144BB1003656FC /* FirebaseStorage in Frameworks */ = {isa = PBXBuildFile; productRef = 837370CA27144BB1003656FC /* FirebaseStorage */; };
/* End PBXBuildFile section */

/* Begin PBXFileReference section */
		837370B027144701003656FC /* Moku.app */ = {isa = PBXFileReference; explicitFileType = wrapper.application; includeInIndex = 0; path = Moku.app; sourceTree = BUILT_PRODUCTS_DIR; };
		837370B327144701003656FC /* MokuApp.swift */ = {isa = PBXFileReference; lastKnownFileType = sourcecode.swift; path = MokuApp.swift; sourceTree = "<group>"; };
		837370B527144701003656FC /* ContentView.swift */ = {isa = PBXFileReference; lastKnownFileType = sourcecode.swift; path = ContentView.swift; sourceTree = "<group>"; };
		837370B727144703003656FC /* Assets.xcassets */ = {isa = PBXFileReference; lastKnownFileType = folder.assetcatalog; path = Assets.xcassets; sourceTree = "<group>"; };
		837370BA27144703003656FC /* Preview Assets.xcassets */ = {isa = PBXFileReference; lastKnownFileType = folder.assetcatalog; path = "Preview Assets.xcassets"; sourceTree = "<group>"; };
		837370C1271449E4003656FC /* GoogleService-Info.plist */ = {isa = PBXFileReference; fileEncoding = 4; lastKnownFileType = text.plist.xml; path = "GoogleService-Info.plist"; sourceTree = "<group>"; };
/* End PBXFileReference section */

/* Begin PBXFrameworksBuildPhase section */
		837370AD27144701003656FC /* Frameworks */ = {
			isa = PBXFrameworksBuildPhase;
			buildActionMask = 2147483647;
			files = (
				832AC1E12715979C00BD92E2 /* SDWebImageSwiftUI in Frameworks */,
				837370C927144BB1003656FC /* FirebaseMessaging in Frameworks */,
				837370CB27144BB1003656FC /* FirebaseStorage in Frameworks */,
				832AC1E42715986A00BD92E2 /* SwiftUIX in Frameworks */,
				837370C527144BB1003656FC /* FirebaseAuth in Frameworks */,
				837370C727144BB1003656FC /* FirebaseFirestore in Frameworks */,
			);
			runOnlyForDeploymentPostprocessing = 0;
		};
/* End PBXFrameworksBuildPhase section */

/* Begin PBXGroup section */
		837370A727144701003656FC = {
			isa = PBXGroup;
			children = (
				837370B227144701003656FC /* Moku */,
				837370B127144701003656FC /* Products */,
			);
			sourceTree = "<group>";
		};
		837370B127144701003656FC /* Products */ = {
			isa = PBXGroup;
			children = (
				837370B027144701003656FC /* Moku.app */,
			);
			name = Products;
			sourceTree = "<group>";
		};
		837370B227144701003656FC /* Moku */ = {
			isa = PBXGroup;
			children = (
				837370C1271449E4003656FC /* GoogleService-Info.plist */,
				837370B327144701003656FC /* MokuApp.swift */,
				837370B527144701003656FC /* ContentView.swift */,
				837370B727144703003656FC /* Assets.xcassets */,
				837370B927144703003656FC /* Preview Content */,
			);
			path = Moku;
			sourceTree = "<group>";
		};
		837370B927144703003656FC /* Preview Content */ = {
			isa = PBXGroup;
			children = (
				837370BA27144703003656FC /* Preview Assets.xcassets */,
			);
			path = "Preview Content";
			sourceTree = "<group>";
		};
/* End PBXGroup section */

/* Begin PBXNativeTarget section */
		837370AF27144701003656FC /* Moku */ = {
			isa = PBXNativeTarget;
			buildConfigurationList = 837370BE27144703003656FC /* Build configuration list for PBXNativeTarget "Moku" */;
			buildPhases = (
				837370AC27144701003656FC /* Sources */,
				837370AD27144701003656FC /* Frameworks */,
				837370AE27144701003656FC /* Resources */,
				832AC1DE2715963200BD92E2 /* Run SwiftLint */,
			);
			buildRules = (
			);
			dependencies = (
			);
			name = Moku;
			packageProductDependencies = (
				837370C427144BB1003656FC /* FirebaseAuth */,
				837370C627144BB1003656FC /* FirebaseFirestore */,
				837370C827144BB1003656FC /* FirebaseMessaging */,
				837370CA27144BB1003656FC /* FirebaseStorage */,
				832AC1E02715979C00BD92E2 /* SDWebImageSwiftUI */,
				832AC1E32715986A00BD92E2 /* SwiftUIX */,
			);
			productName = Moku;
			productReference = 837370B027144701003656FC /* Moku.app */;
			productType = "com.apple.product-type.application";
		};
/* End PBXNativeTarget section */

/* Begin PBXProject section */
		837370A827144701003656FC /* Project object */ = {
			isa = PBXProject;
			attributes = {
				BuildIndependentTargetsInParallel = 1;
				LastSwiftUpdateCheck = 1300;
				LastUpgradeCheck = 1300;
				TargetAttributes = {
					837370AF27144701003656FC = {
						CreatedOnToolsVersion = 13.0;
					};
				};
			};
			buildConfigurationList = 837370AB27144701003656FC /* Build configuration list for PBXProject "Moku" */;
			compatibilityVersion = "Xcode 13.0";
			developmentRegion = en;
			hasScannedForEncodings = 0;
			knownRegions = (
				en,
				Base,
			);
			mainGroup = 837370A727144701003656FC;
			packageReferences = (
				837370C327144BB1003656FC /* XCRemoteSwiftPackageReference "firebase-ios-sdk" */,
				832AC1DF2715979B00BD92E2 /* XCRemoteSwiftPackageReference "SDWebImageSwiftUI" */,
				832AC1E22715986900BD92E2 /* XCRemoteSwiftPackageReference "SwiftUIX" */,
			);
			productRefGroup = 837370B127144701003656FC /* Products */;
			projectDirPath = "";
			projectRoot = "";
			targets = (
				837370AF27144701003656FC /* Moku */,
			);
		};
/* End PBXProject section */

/* Begin PBXResourcesBuildPhase section */
		837370AE27144701003656FC /* Resources */ = {
			isa = PBXResourcesBuildPhase;
			buildActionMask = 2147483647;
			files = (
				837370BB27144703003656FC /* Preview Assets.xcassets in Resources */,
				837370B827144703003656FC /* Assets.xcassets in Resources */,
				837370C2271449E4003656FC /* GoogleService-Info.plist in Resources */,
			);
			runOnlyForDeploymentPostprocessing = 0;
		};
/* End PBXResourcesBuildPhase section */

/* Begin PBXShellScriptBuildPhase section */
		832AC1DE2715963200BD92E2 /* Run SwiftLint */ = {
			isa = PBXShellScriptBuildPhase;
			buildActionMask = 2147483647;
			files = (
			);
			inputFileListPaths = (
			);
			inputPaths = (
			);
			name = "Run SwiftLint";
			outputFileListPaths = (
			);
			outputPaths = (
			);
			runOnlyForDeploymentPostprocessing = 0;
			shellPath = /bin/sh;
			shellScript = "if which swiftlint >/dev/null; then\n  swiftlint\nelse\n  echo \"warning: SwiftLint not installed, download from https://github.com/realm/SwiftLint\"\nfi\n";
		};
/* End PBXShellScriptBuildPhase section */

/* Begin PBXSourcesBuildPhase section */
		837370AC27144701003656FC /* Sources */ = {
			isa = PBXSourcesBuildPhase;
			buildActionMask = 2147483647;
			files = (
				837370B627144701003656FC /* ContentView.swift in Sources */,
				837370B427144701003656FC /* MokuApp.swift in Sources */,
			);
			runOnlyForDeploymentPostprocessing = 0;
		};
/* End PBXSourcesBuildPhase section */

/* Begin XCBuildConfiguration section */
		837370BC27144703003656FC /* Debug */ = {
			isa = XCBuildConfiguration;
			buildSettings = {
				ALWAYS_SEARCH_USER_PATHS = NO;
				CLANG_ANALYZER_NONNULL = YES;
				CLANG_ANALYZER_NUMBER_OBJECT_CONVERSION = YES_AGGRESSIVE;
				CLANG_CXX_LANGUAGE_STANDARD = "gnu++17";
				CLANG_CXX_LIBRARY = "libc++";
				CLANG_ENABLE_MODULES = YES;
				CLANG_ENABLE_OBJC_ARC = YES;
				CLANG_ENABLE_OBJC_WEAK = YES;
				CLANG_WARN_BLOCK_CAPTURE_AUTORELEASING = YES;
				CLANG_WARN_BOOL_CONVERSION = YES;
				CLANG_WARN_COMMA = YES;
				CLANG_WARN_CONSTANT_CONVERSION = YES;
				CLANG_WARN_DEPRECATED_OBJC_IMPLEMENTATIONS = YES;
				CLANG_WARN_DIRECT_OBJC_ISA_USAGE = YES_ERROR;
				CLANG_WARN_DOCUMENTATION_COMMENTS = YES;
				CLANG_WARN_EMPTY_BODY = YES;
				CLANG_WARN_ENUM_CONVERSION = YES;
				CLANG_WARN_INFINITE_RECURSION = YES;
				CLANG_WARN_INT_CONVERSION = YES;
				CLANG_WARN_NON_LITERAL_NULL_CONVERSION = YES;
				CLANG_WARN_OBJC_IMPLICIT_RETAIN_SELF = YES;
				CLANG_WARN_OBJC_LITERAL_CONVERSION = YES;
				CLANG_WARN_OBJC_ROOT_CLASS = YES_ERROR;
				CLANG_WARN_QUOTED_INCLUDE_IN_FRAMEWORK_HEADER = YES;
				CLANG_WARN_RANGE_LOOP_ANALYSIS = YES;
				CLANG_WARN_STRICT_PROTOTYPES = YES;
				CLANG_WARN_SUSPICIOUS_MOVE = YES;
				CLANG_WARN_UNGUARDED_AVAILABILITY = YES_AGGRESSIVE;
				CLANG_WARN_UNREACHABLE_CODE = YES;
				CLANG_WARN__DUPLICATE_METHOD_MATCH = YES;
				COPY_PHASE_STRIP = NO;
				DEBUG_INFORMATION_FORMAT = dwarf;
				ENABLE_STRICT_OBJC_MSGSEND = YES;
				ENABLE_TESTABILITY = YES;
				GCC_C_LANGUAGE_STANDARD = gnu11;
				GCC_DYNAMIC_NO_PIC = NO;
				GCC_NO_COMMON_BLOCKS = YES;
				GCC_OPTIMIZATION_LEVEL = 0;
				GCC_PREPROCESSOR_DEFINITIONS = (
					"DEBUG=1",
					"$(inherited)",
				);
				GCC_WARN_64_TO_32_BIT_CONVERSION = YES;
				GCC_WARN_ABOUT_RETURN_TYPE = YES_ERROR;
				GCC_WARN_UNDECLARED_SELECTOR = YES;
				GCC_WARN_UNINITIALIZED_AUTOS = YES_AGGRESSIVE;
				GCC_WARN_UNUSED_FUNCTION = YES;
				GCC_WARN_UNUSED_VARIABLE = YES;
				IPHONEOS_DEPLOYMENT_TARGET = 15.0;
				MTL_ENABLE_DEBUG_INFO = INCLUDE_SOURCE;
				MTL_FAST_MATH = YES;
				ONLY_ACTIVE_ARCH = YES;
				SDKROOT = iphoneos;
				SWIFT_ACTIVE_COMPILATION_CONDITIONS = DEBUG;
				SWIFT_OPTIMIZATION_LEVEL = "-Onone";
			};
			name = Debug;
		};
		837370BD27144703003656FC /* Release */ = {
			isa = XCBuildConfiguration;
			buildSettings = {
				ALWAYS_SEARCH_USER_PATHS = NO;
				CLANG_ANALYZER_NONNULL = YES;
				CLANG_ANALYZER_NUMBER_OBJECT_CONVERSION = YES_AGGRESSIVE;
				CLANG_CXX_LANGUAGE_STANDARD = "gnu++17";
				CLANG_CXX_LIBRARY = "libc++";
				CLANG_ENABLE_MODULES = YES;
				CLANG_ENABLE_OBJC_ARC = YES;
				CLANG_ENABLE_OBJC_WEAK = YES;
				CLANG_WARN_BLOCK_CAPTURE_AUTORELEASING = YES;
				CLANG_WARN_BOOL_CONVERSION = YES;
				CLANG_WARN_COMMA = YES;
				CLANG_WARN_CONSTANT_CONVERSION = YES;
				CLANG_WARN_DEPRECATED_OBJC_IMPLEMENTATIONS = YES;
				CLANG_WARN_DIRECT_OBJC_ISA_USAGE = YES_ERROR;
				CLANG_WARN_DOCUMENTATION_COMMENTS = YES;
				CLANG_WARN_EMPTY_BODY = YES;
				CLANG_WARN_ENUM_CONVERSION = YES;
				CLANG_WARN_INFINITE_RECURSION = YES;
				CLANG_WARN_INT_CONVERSION = YES;
				CLANG_WARN_NON_LITERAL_NULL_CONVERSION = YES;
				CLANG_WARN_OBJC_IMPLICIT_RETAIN_SELF = YES;
				CLANG_WARN_OBJC_LITERAL_CONVERSION = YES;
				CLANG_WARN_OBJC_ROOT_CLASS = YES_ERROR;
				CLANG_WARN_QUOTED_INCLUDE_IN_FRAMEWORK_HEADER = YES;
				CLANG_WARN_RANGE_LOOP_ANALYSIS = YES;
				CLANG_WARN_STRICT_PROTOTYPES = YES;
				CLANG_WARN_SUSPICIOUS_MOVE = YES;
				CLANG_WARN_UNGUARDED_AVAILABILITY = YES_AGGRESSIVE;
				CLANG_WARN_UNREACHABLE_CODE = YES;
				CLANG_WARN__DUPLICATE_METHOD_MATCH = YES;
				COPY_PHASE_STRIP = NO;
				DEBUG_INFORMATION_FORMAT = "dwarf-with-dsym";
				ENABLE_NS_ASSERTIONS = NO;
				ENABLE_STRICT_OBJC_MSGSEND = YES;
				GCC_C_LANGUAGE_STANDARD = gnu11;
				GCC_NO_COMMON_BLOCKS = YES;
				GCC_WARN_64_TO_32_BIT_CONVERSION = YES;
				GCC_WARN_ABOUT_RETURN_TYPE = YES_ERROR;
				GCC_WARN_UNDECLARED_SELECTOR = YES;
				GCC_WARN_UNINITIALIZED_AUTOS = YES_AGGRESSIVE;
				GCC_WARN_UNUSED_FUNCTION = YES;
				GCC_WARN_UNUSED_VARIABLE = YES;
				IPHONEOS_DEPLOYMENT_TARGET = 15.0;
				MTL_ENABLE_DEBUG_INFO = NO;
				MTL_FAST_MATH = YES;
				SDKROOT = iphoneos;
				SWIFT_COMPILATION_MODE = wholemodule;
				SWIFT_OPTIMIZATION_LEVEL = "-O";
				VALIDATE_PRODUCT = YES;
			};
			name = Release;
		};
		837370BF27144703003656FC /* Debug */ = {
			isa = XCBuildConfiguration;
			buildSettings = {
				ASSETCATALOG_COMPILER_APPICON_NAME = AppIcon;
				ASSETCATALOG_COMPILER_GLOBAL_ACCENT_COLOR_NAME = AccentColor;
				CODE_SIGN_STYLE = Automatic;
				CURRENT_PROJECT_VERSION = 1;
				DEVELOPMENT_ASSET_PATHS = "\"Moku/Preview Content\"";
				DEVELOPMENT_TEAM = 8KKWD6QU49;
				ENABLE_PREVIEWS = YES;
				GENERATE_INFOPLIST_FILE = YES;
				INFOPLIST_KEY_UIApplicationSceneManifest_Generation = YES;
				INFOPLIST_KEY_UIApplicationSupportsIndirectInputEvents = YES;
				INFOPLIST_KEY_UILaunchScreen_Generation = YES;
				INFOPLIST_KEY_UISupportedInterfaceOrientations_iPad = "UIInterfaceOrientationPortrait UIInterfaceOrientationPortraitUpsideDown UIInterfaceOrientationLandscapeLeft UIInterfaceOrientationLandscapeRight";
				INFOPLIST_KEY_UISupportedInterfaceOrientations_iPhone = "UIInterfaceOrientationPortrait UIInterfaceOrientationLandscapeLeft UIInterfaceOrientationLandscapeRight";
				IPHONEOS_DEPLOYMENT_TARGET = 14.0;
				LD_RUNPATH_SEARCH_PATHS = (
					"$(inherited)",
					"@executable_path/Frameworks",
				);
				MARKETING_VERSION = 1.0;
				PRODUCT_BUNDLE_IDENTIFIER = id.moku.Moku;
				PRODUCT_NAME = "$(TARGET_NAME)";
				SWIFT_EMIT_LOC_STRINGS = YES;
				SWIFT_VERSION = 5.0;
				TARGETED_DEVICE_FAMILY = "1,2";
			};
			name = Debug;
		};
		837370C027144703003656FC /* Release */ = {
			isa = XCBuildConfiguration;
			buildSettings = {
				ASSETCATALOG_COMPILER_APPICON_NAME = AppIcon;
				ASSETCATALOG_COMPILER_GLOBAL_ACCENT_COLOR_NAME = AccentColor;
				CODE_SIGN_STYLE = Automatic;
				CURRENT_PROJECT_VERSION = 1;
				DEVELOPMENT_ASSET_PATHS = "\"Moku/Preview Content\"";
				DEVELOPMENT_TEAM = 8KKWD6QU49;
				ENABLE_PREVIEWS = YES;
				GENERATE_INFOPLIST_FILE = YES;
				INFOPLIST_KEY_UIApplicationSceneManifest_Generation = YES;
				INFOPLIST_KEY_UIApplicationSupportsIndirectInputEvents = YES;
				INFOPLIST_KEY_UILaunchScreen_Generation = YES;
				INFOPLIST_KEY_UISupportedInterfaceOrientations_iPad = "UIInterfaceOrientationPortrait UIInterfaceOrientationPortraitUpsideDown UIInterfaceOrientationLandscapeLeft UIInterfaceOrientationLandscapeRight";
				INFOPLIST_KEY_UISupportedInterfaceOrientations_iPhone = "UIInterfaceOrientationPortrait UIInterfaceOrientationLandscapeLeft UIInterfaceOrientationLandscapeRight";
				IPHONEOS_DEPLOYMENT_TARGET = 14.0;
				LD_RUNPATH_SEARCH_PATHS = (
					"$(inherited)",
					"@executable_path/Frameworks",
				);
				MARKETING_VERSION = 1.0;
				PRODUCT_BUNDLE_IDENTIFIER = id.moku.Moku;
				PRODUCT_NAME = "$(TARGET_NAME)";
				SWIFT_EMIT_LOC_STRINGS = YES;
				SWIFT_VERSION = 5.0;
				TARGETED_DEVICE_FAMILY = "1,2";
			};
			name = Release;
		};
/* End XCBuildConfiguration section */

/* Begin XCConfigurationList section */
		837370AB27144701003656FC /* Build configuration list for PBXProject "Moku" */ = {
			isa = XCConfigurationList;
			buildConfigurations = (
				837370BC27144703003656FC /* Debug */,
				837370BD27144703003656FC /* Release */,
			);
			defaultConfigurationIsVisible = 0;
			defaultConfigurationName = Release;
		};
		837370BE27144703003656FC /* Build configuration list for PBXNativeTarget "Moku" */ = {
			isa = XCConfigurationList;
			buildConfigurations = (
				837370BF27144703003656FC /* Debug */,
				837370C027144703003656FC /* Release */,
			);
			defaultConfigurationIsVisible = 0;
			defaultConfigurationName = Release;
		};
/* End XCConfigurationList section */

/* Begin XCRemoteSwiftPackageReference section */
		832AC1DF2715979B00BD92E2 /* XCRemoteSwiftPackageReference "SDWebImageSwiftUI" */ = {
			isa = XCRemoteSwiftPackageReference;
			repositoryURL = "https://github.com/SDWebImage/SDWebImageSwiftUI";
			requirement = {
				branch = master;
				kind = branch;
			};
		};
		832AC1E22715986900BD92E2 /* XCRemoteSwiftPackageReference "SwiftUIX" */ = {
			isa = XCRemoteSwiftPackageReference;
			repositoryURL = "https://github.com/SwiftUIX/SwiftUIX";
			requirement = {
				kind = upToNextMajorVersion;
				minimumVersion = 0.1.0;
			};
		};
		837370C327144BB1003656FC /* XCRemoteSwiftPackageReference "firebase-ios-sdk" */ = {
			isa = XCRemoteSwiftPackageReference;
			repositoryURL = "https://github.com/firebase/firebase-ios-sdk.git";
			requirement = {
				kind = upToNextMajorVersion;
				minimumVersion = 8.0.0;
			};
		};
/* End XCRemoteSwiftPackageReference section */

/* Begin XCSwiftPackageProductDependency section */
		832AC1E02715979C00BD92E2 /* SDWebImageSwiftUI */ = {
			isa = XCSwiftPackageProductDependency;
			package = 832AC1DF2715979B00BD92E2 /* XCRemoteSwiftPackageReference "SDWebImageSwiftUI" */;
			productName = SDWebImageSwiftUI;
		};
		832AC1E32715986A00BD92E2 /* SwiftUIX */ = {
			isa = XCSwiftPackageProductDependency;
			package = 832AC1E22715986900BD92E2 /* XCRemoteSwiftPackageReference "SwiftUIX" */;
			productName = SwiftUIX;
		};
		837370C427144BB1003656FC /* FirebaseAuth */ = {
			isa = XCSwiftPackageProductDependency;
			package = 837370C327144BB1003656FC /* XCRemoteSwiftPackageReference "firebase-ios-sdk" */;
			productName = FirebaseAuth;
		};
		837370C627144BB1003656FC /* FirebaseFirestore */ = {
			isa = XCSwiftPackageProductDependency;
			package = 837370C327144BB1003656FC /* XCRemoteSwiftPackageReference "firebase-ios-sdk" */;
			productName = FirebaseFirestore;
		};
		837370C827144BB1003656FC /* FirebaseMessaging */ = {
			isa = XCSwiftPackageProductDependency;
			package = 837370C327144BB1003656FC /* XCRemoteSwiftPackageReference "firebase-ios-sdk" */;
			productName = FirebaseMessaging;
		};
		837370CA27144BB1003656FC /* FirebaseStorage */ = {
			isa = XCSwiftPackageProductDependency;
			package = 837370C327144BB1003656FC /* XCRemoteSwiftPackageReference "firebase-ios-sdk" */;
			productName = FirebaseStorage;
		};
/* End XCSwiftPackageProductDependency section */
	};
	rootObject = 837370A827144701003656FC /* Project object */;
}
